
Microsoft Visual Studio Solution File, Format Version 12.00
# Visual Studio Version 17
VisualStudioVersion = 17.13.35931.197 d17.13
MinimumVisualStudioVersion = 10.0.40219.1
Project("{FAE04EC0-301F-11D3-BF4B-00C04F79EFBC}") = "Hacknet", "Hacknet.csproj", "{C0146CE0-A9CC-49D9-8F18-4BA7AA6082AA}"
EndProject
Global
	GlobalSection(SolutionConfigurationPlatforms) = preSolution
		Debug|x86 = Debug|x86
		Release|x86 = Release|x86
	EndGlobalSection
	GlobalSection(ProjectConfigurationPlatforms) = postSolution
		{C0146CE0-A9CC-49D9-8F18-4BA7AA6082AA}.Debug|x86.ActiveCfg = Debug|x86
		{C0146CE0-A9CC-49D9-8F18-4BA7AA6082AA}.Debug|x86.Build.0 = Debug|x86
		{C0146CE0-A9CC-49D9-8F18-4BA7AA6082AA}.Release|x86.ActiveCfg = Release|x86
		{C0146CE0-A9CC-49D9-8F18-4BA7AA6082AA}.Release|x86.Build.0 = Release|x86
	EndGlobalSection
	GlobalSection(SolutionProperties) = preSolution
		HideSolutionNode = FALSE
	EndGlobalSection
	GlobalSection(ExtensibilityGlobals) = postSolution
		SolutionGuid = {0EDAAC4B-27FA-46E9-A1AA-5CEFE5495B11}
	EndGlobalSection
EndGlobal
